// !$*UTF8*$!
{
	archiveVersion = 1;
	classes = {
	};
	objectVersion = 46;
	objects = {

/* Begin PBXBuildFile section */
		CD03F0E6157F16740087081C /* lae_assert.h in Headers */ = {isa = PBXBuildFile; fileRef = CD03F0D9157F16740087081C /* lae_assert.h */; };
		CD03F0E7157F16740087081C /* lae_config.h in Headers */ = {isa = PBXBuildFile; fileRef = CD03F0DA157F16740087081C /* lae_config.h */; };
		CD03F0E8157F16740087081C /* lae_defines.h in Headers */ = {isa = PBXBuildFile; fileRef = CD03F0DB157F16740087081C /* lae_defines.h */; };
		CD03F0E9157F16740087081C /* lae_scripting.h in Headers */ = {isa = PBXBuildFile; fileRef = CD03F0DC157F16740087081C /* lae_scripting.h */; };
		CD03F0EA157F16740087081C /* lae_system.h in Headers */ = {isa = PBXBuildFile; fileRef = CD03F0DD157F16740087081C /* lae_system.h */; };
		CD03F0EB157F16740087081C /* lae_test.h in Headers */ = {isa = PBXBuildFile; fileRef = CD03F0DE157F16740087081C /* lae_test.h */; };
		CD03F0EC157F16740087081C /* scripting.c in Sources */ = {isa = PBXBuildFile; fileRef = CD03F0E1157F16740087081C /* scripting.c */; };
		CD03F0ED157F16740087081C /* system.c in Sources */ = {isa = PBXBuildFile; fileRef = CD03F0E3157F16740087081C /* system.c */; };
		CD03F0EE157F16740087081C /* test.cpp in Sources */ = {isa = PBXBuildFile; fileRef = CD03F0E5157F16740087081C /* test.cpp */; };
		CD03F0F4157F167B0087081C /* main.c in Sources */ = {isa = PBXBuildFile; fileRef = CD03F0F0157F167B0087081C /* main.c */; };
		CD03F0F5157F167B0087081C /* test_scripting.cpp in Sources */ = {isa = PBXBuildFile; fileRef = CD03F0F1157F167B0087081C /* test_scripting.cpp */; };
		CD03F0F6157F167B0087081C /* test_system.cpp in Sources */ = {isa = PBXBuildFile; fileRef = CD03F0F2157F167B0087081C /* test_system.cpp */; };
		CD03F0F7157F167B0087081C /* test_test.cpp in Sources */ = {isa = PBXBuildFile; fileRef = CD03F0F3157F167B0087081C /* test_test.cpp */; };
		CD03F0F9157F16E30087081C /* liblua.a in Frameworks */ = {isa = PBXBuildFile; fileRef = CD03F0F8157F16E30087081C /* liblua.a */; };
		CD1A2437157FEA35003FE80F /* lae_cocoa_view.m in Sources */ = {isa = PBXBuildFile; fileRef = CD1A2436157FEA35003FE80F /* lae_cocoa_view.m */; };
		CD1A243A157FECE4003FE80F /* lae_graphics.h in Headers */ = {isa = PBXBuildFile; fileRef = CD1A2439157FECE4003FE80F /* lae_graphics.h */; };
		CD1A243D157FEDA5003FE80F /* graphics_opengl.c in Sources */ = {isa = PBXBuildFile; fileRef = CD1A243C157FEDA5003FE80F /* graphics_opengl.c */; };
		CD1A243E157FEDE5003FE80F /* liblae.a in Frameworks */ = {isa = PBXBuildFile; fileRef = CDE73E57157EA81D000BE9C5 /* liblae.a */; };
		CD1A2440157FF8D7003FE80F /* graphics_opengl.h in Headers */ = {isa = PBXBuildFile; fileRef = CD1A243F157FF8D7003FE80F /* graphics_opengl.h */; };
		CD1A2442157FFD53003FE80F /* graphics_opengl_macosx.m in Sources */ = {isa = PBXBuildFile; fileRef = CD1A2441157FFD53003FE80F /* graphics_opengl_macosx.m */; };
		CD1A244415800C7A003FE80F /* CoreVideo.framework in Frameworks */ = {isa = PBXBuildFile; fileRef = CD1A244315800C7A003FE80F /* CoreVideo.framework */; };
		CD1A244615800C7F003FE80F /* OpenGL.framework in Frameworks */ = {isa = PBXBuildFile; fileRef = CD1A244515800C7F003FE80F /* OpenGL.framework */; };
		CD1A2448158080B8003FE80F /* test_core.cpp in Sources */ = {isa = PBXBuildFile; fileRef = CD1A2447158080B8003FE80F /* test_core.cpp */; };
		CD1A244A158080CA003FE80F /* lae_core.h in Headers */ = {isa = PBXBuildFile; fileRef = CD1A2449158080CA003FE80F /* lae_core.h */; };
		CD1A244D15808108003FE80F /* core.c in Sources */ = {isa = PBXBuildFile; fileRef = CD1A244C15808108003FE80F /* core.c */; };
		CD7AE2FC157F3AB7009CD9D3 /* lae_timer.h in Headers */ = {isa = PBXBuildFile; fileRef = CD7AE2FB157F3AB7009CD9D3 /* lae_timer.h */; };
		CD7AE300157F3B16009CD9D3 /* timer.c in Sources */ = {isa = PBXBuildFile; fileRef = CD7AE2FF157F3B16009CD9D3 /* timer.c */; };
		CD9FBDAE157FD34900638766 /* Cocoa.framework in Frameworks */ = {isa = PBXBuildFile; fileRef = CD9FBDAD157FD34900638766 /* Cocoa.framework */; };
		CD9FBDD4157FD35800638766 /* AppDelegate.m in Sources */ = {isa = PBXBuildFile; fileRef = CD9FBDCB157FD35800638766 /* AppDelegate.m */; };
		CD9FBDD5157FD35800638766 /* Credits.rtf in Resources */ = {isa = PBXBuildFile; fileRef = CD9FBDCC157FD35800638766 /* Credits.rtf */; };
		CD9FBDD6157FD35800638766 /* InfoPlist.strings in Resources */ = {isa = PBXBuildFile; fileRef = CD9FBDCE157FD35800638766 /* InfoPlist.strings */; };
		CD9FBDD7157FD35800638766 /* MainMenu.xib in Resources */ = {isa = PBXBuildFile; fileRef = CD9FBDD0157FD35800638766 /* MainMenu.xib */; };
		CD9FBDD9157FD35800638766 /* main.m in Sources */ = {isa = PBXBuildFile; fileRef = CD9FBDD3157FD35800638766 /* main.m */; };
		CDE73E70157EA91F000BE9C5 /* liblae.a in Frameworks */ = {isa = PBXBuildFile; fileRef = CDE73E57157EA81D000BE9C5 /* liblae.a */; };
/* End PBXBuildFile section */

/* Begin PBXCopyFilesBuildPhase section */
		CDE73E5D157EA82C000BE9C5 /* CopyFiles */ = {
			isa = PBXCopyFilesBuildPhase;
			buildActionMask = 2147483647;
			dstPath = /usr/share/man/man1/;
			dstSubfolderSpec = 0;
			files = (
			);
			runOnlyForDeploymentPostprocessing = 1;
		};
/* End PBXCopyFilesBuildPhase section */

/* Begin PBXFileReference section */
		CD03F0D9157F16740087081C /* lae_assert.h */ = {isa = PBXFileReference; fileEncoding = 4; lastKnownFileType = sourcecode.c.h; path = lae_assert.h; sourceTree = "<group>"; };
		CD03F0DA157F16740087081C /* lae_config.h */ = {isa = PBXFileReference; fileEncoding = 4; lastKnownFileType = sourcecode.c.h; path = lae_config.h; sourceTree = "<group>"; };
		CD03F0DB157F16740087081C /* lae_defines.h */ = {isa = PBXFileReference; fileEncoding = 4; lastKnownFileType = sourcecode.c.h; path = lae_defines.h; sourceTree = "<group>"; };
		CD03F0DC157F16740087081C /* lae_scripting.h */ = {isa = PBXFileReference; fileEncoding = 4; lastKnownFileType = sourcecode.c.h; path = lae_scripting.h; sourceTree = "<group>"; };
		CD03F0DD157F16740087081C /* lae_system.h */ = {isa = PBXFileReference; fileEncoding = 4; lastKnownFileType = sourcecode.c.h; path = lae_system.h; sourceTree = "<group>"; };
		CD03F0DE157F16740087081C /* lae_test.h */ = {isa = PBXFileReference; fileEncoding = 4; lastKnownFileType = sourcecode.c.h; path = lae_test.h; sourceTree = "<group>"; };
		CD03F0E1157F16740087081C /* scripting.c */ = {isa = PBXFileReference; fileEncoding = 4; lastKnownFileType = sourcecode.c.c; path = scripting.c; sourceTree = "<group>"; };
		CD03F0E3157F16740087081C /* system.c */ = {isa = PBXFileReference; fileEncoding = 4; lastKnownFileType = sourcecode.c.c; path = system.c; sourceTree = "<group>"; };
		CD03F0E5157F16740087081C /* test.cpp */ = {isa = PBXFileReference; fileEncoding = 4; lastKnownFileType = sourcecode.cpp.cpp; path = test.cpp; sourceTree = "<group>"; };
		CD03F0F0157F167B0087081C /* main.c */ = {isa = PBXFileReference; fileEncoding = 4; lastKnownFileType = sourcecode.c.c; path = main.c; sourceTree = "<group>"; };
		CD03F0F1157F167B0087081C /* test_scripting.cpp */ = {isa = PBXFileReference; fileEncoding = 4; lastKnownFileType = sourcecode.cpp.cpp; path = test_scripting.cpp; sourceTree = "<group>"; };
		CD03F0F2157F167B0087081C /* test_system.cpp */ = {isa = PBXFileReference; fileEncoding = 4; lastKnownFileType = sourcecode.cpp.cpp; path = test_system.cpp; sourceTree = "<group>"; };
		CD03F0F3157F167B0087081C /* test_test.cpp */ = {isa = PBXFileReference; fileEncoding = 4; lastKnownFileType = sourcecode.cpp.cpp; path = test_test.cpp; sourceTree = "<group>"; };
		CD03F0F8157F16E30087081C /* liblua.a */ = {isa = PBXFileReference; lastKnownFileType = archive.ar; name = liblua.a; path = "../external/lua-5.2.0/src/liblua.a"; sourceTree = "<group>"; };
		CD1A2435157FEA35003FE80F /* lae_cocoa_view.h */ = {isa = PBXFileReference; fileEncoding = 4; lastKnownFileType = sourcecode.c.h; path = lae_cocoa_view.h; sourceTree = "<group>"; };
		CD1A2436157FEA35003FE80F /* lae_cocoa_view.m */ = {isa = PBXFileReference; fileEncoding = 4; lastKnownFileType = sourcecode.c.objc; path = lae_cocoa_view.m; sourceTree = "<group>"; };
		CD1A2439157FECE4003FE80F /* lae_graphics.h */ = {isa = PBXFileReference; fileEncoding = 4; lastKnownFileType = sourcecode.c.h; path = lae_graphics.h; sourceTree = "<group>"; };
		CD1A243C157FEDA5003FE80F /* graphics_opengl.c */ = {isa = PBXFileReference; fileEncoding = 4; lastKnownFileType = sourcecode.c.c; path = graphics_opengl.c; sourceTree = "<group>"; };
		CD1A243F157FF8D7003FE80F /* graphics_opengl.h */ = {isa = PBXFileReference; fileEncoding = 4; lastKnownFileType = sourcecode.c.h; path = graphics_opengl.h; sourceTree = "<group>"; };
		CD1A2441157FFD53003FE80F /* graphics_opengl_macosx.m */ = {isa = PBXFileReference; fileEncoding = 4; lastKnownFileType = sourcecode.c.objc; path = graphics_opengl_macosx.m; sourceTree = "<group>"; };
		CD1A244315800C7A003FE80F /* CoreVideo.framework */ = {isa = PBXFileReference; lastKnownFileType = wrapper.framework; name = CoreVideo.framework; path = System/Library/Frameworks/CoreVideo.framework; sourceTree = SDKROOT; };
		CD1A244515800C7F003FE80F /* OpenGL.framework */ = {isa = PBXFileReference; lastKnownFileType = wrapper.framework; name = OpenGL.framework; path = System/Library/Frameworks/OpenGL.framework; sourceTree = SDKROOT; };
		CD1A2447158080B8003FE80F /* test_core.cpp */ = {isa = PBXFileReference; fileEncoding = 4; lastKnownFileType = sourcecode.cpp.cpp; path = test_core.cpp; sourceTree = "<group>"; };
		CD1A2449158080CA003FE80F /* lae_core.h */ = {isa = PBXFileReference; fileEncoding = 4; lastKnownFileType = sourcecode.c.h; path = lae_core.h; sourceTree = "<group>"; };
		CD1A244C15808108003FE80F /* core.c */ = {isa = PBXFileReference; fileEncoding = 4; lastKnownFileType = sourcecode.c.c; name = core.c; path = core/core.c; sourceTree = "<group>"; };
		CD7AE2FB157F3AB7009CD9D3 /* lae_timer.h */ = {isa = PBXFileReference; fileEncoding = 4; lastKnownFileType = sourcecode.c.h; path = lae_timer.h; sourceTree = "<group>"; };
		CD7AE2FF157F3B16009CD9D3 /* timer.c */ = {isa = PBXFileReference; fileEncoding = 4; lastKnownFileType = sourcecode.c.c; path = timer.c; sourceTree = "<group>"; };
		CD9FBDAA157FD34900638766 /* lae_osx.app */ = {isa = PBXFileReference; explicitFileType = wrapper.application; includeInIndex = 0; path = lae_osx.app; sourceTree = BUILT_PRODUCTS_DIR; };
		CD9FBDAD157FD34900638766 /* Cocoa.framework */ = {isa = PBXFileReference; lastKnownFileType = wrapper.framework; name = Cocoa.framework; path = System/Library/Frameworks/Cocoa.framework; sourceTree = SDKROOT; };
		CD9FBDB0157FD34900638766 /* AppKit.framework */ = {isa = PBXFileReference; lastKnownFileType = wrapper.framework; name = AppKit.framework; path = System/Library/Frameworks/AppKit.framework; sourceTree = SDKROOT; };
		CD9FBDB1157FD34900638766 /* CoreData.framework */ = {isa = PBXFileReference; lastKnownFileType = wrapper.framework; name = CoreData.framework; path = System/Library/Frameworks/CoreData.framework; sourceTree = SDKROOT; };
		CD9FBDB2157FD34900638766 /* Foundation.framework */ = {isa = PBXFileReference; lastKnownFileType = wrapper.framework; name = Foundation.framework; path = System/Library/Frameworks/Foundation.framework; sourceTree = SDKROOT; };
		CD9FBDCA157FD35800638766 /* AppDelegate.h */ = {isa = PBXFileReference; fileEncoding = 4; lastKnownFileType = sourcecode.c.h; path = AppDelegate.h; sourceTree = "<group>"; };
		CD9FBDCB157FD35800638766 /* AppDelegate.m */ = {isa = PBXFileReference; fileEncoding = 4; lastKnownFileType = sourcecode.c.objc; path = AppDelegate.m; sourceTree = "<group>"; };
		CD9FBDCD157FD35800638766 /* en */ = {isa = PBXFileReference; lastKnownFileType = text.rtf; name = en; path = en.lproj/Credits.rtf; sourceTree = "<group>"; };
		CD9FBDCF157FD35800638766 /* en */ = {isa = PBXFileReference; lastKnownFileType = text.plist.strings; name = en; path = en.lproj/InfoPlist.strings; sourceTree = "<group>"; };
		CD9FBDD1157FD35800638766 /* en */ = {isa = PBXFileReference; lastKnownFileType = file.xib; name = en; path = en.lproj/MainMenu.xib; sourceTree = "<group>"; };
		CD9FBDD2157FD35800638766 /* lae_osx-Info.plist */ = {isa = PBXFileReference; fileEncoding = 4; lastKnownFileType = text.plist.xml; path = "lae_osx-Info.plist"; sourceTree = "<group>"; };
		CD9FBDD3157FD35800638766 /* main.m */ = {isa = PBXFileReference; fileEncoding = 4; lastKnownFileType = sourcecode.c.objc; path = main.m; sourceTree = "<group>"; };
		CDE73E57157EA81D000BE9C5 /* liblae.a */ = {isa = PBXFileReference; explicitFileType = archive.ar; includeInIndex = 0; path = liblae.a; sourceTree = BUILT_PRODUCTS_DIR; };
		CDE73E5F157EA82C000BE9C5 /* lae_test */ = {isa = PBXFileReference; explicitFileType = "compiled.mach-o.executable"; includeInIndex = 0; path = lae_test; sourceTree = BUILT_PRODUCTS_DIR; };
/* End PBXFileReference section */

/* Begin PBXFrameworksBuildPhase section */
		CD9FBDA7157FD34800638766 /* Frameworks */ = {
			isa = PBXFrameworksBuildPhase;
			buildActionMask = 2147483647;
			files = (
				CD1A244615800C7F003FE80F /* OpenGL.framework in Frameworks */,
				CD1A244415800C7A003FE80F /* CoreVideo.framework in Frameworks */,
				CD1A243E157FEDE5003FE80F /* liblae.a in Frameworks */,
				CD9FBDAE157FD34900638766 /* Cocoa.framework in Frameworks */,
			);
			runOnlyForDeploymentPostprocessing = 0;
		};
		CDE73E54157EA81D000BE9C5 /* Frameworks */ = {
			isa = PBXFrameworksBuildPhase;
			buildActionMask = 2147483647;
			files = (
				CD03F0F9157F16E30087081C /* liblua.a in Frameworks */,
			);
			runOnlyForDeploymentPostprocessing = 0;
		};
		CDE73E5C157EA82C000BE9C5 /* Frameworks */ = {
			isa = PBXFrameworksBuildPhase;
			buildActionMask = 2147483647;
			files = (
				CDE73E70157EA91F000BE9C5 /* liblae.a in Frameworks */,
			);
			runOnlyForDeploymentPostprocessing = 0;
		};
/* End PBXFrameworksBuildPhase section */

/* Begin PBXGroup section */
		CD03F0D8157F16740087081C /* include */ = {
			isa = PBXGroup;
			children = (
				CD03F0D9157F16740087081C /* lae_assert.h */,
				CD03F0DA157F16740087081C /* lae_config.h */,
				CD03F0DB157F16740087081C /* lae_defines.h */,
				CD03F0DC157F16740087081C /* lae_scripting.h */,
				CD03F0DD157F16740087081C /* lae_system.h */,
				CD03F0DE157F16740087081C /* lae_test.h */,
				CD7AE2FB157F3AB7009CD9D3 /* lae_timer.h */,
				CD1A2439157FECE4003FE80F /* lae_graphics.h */,
				CD1A2449158080CA003FE80F /* lae_core.h */,
			);
			name = include;
			path = ../include;
			sourceTree = "<group>";
		};
		CD03F0DF157F16740087081C /* src */ = {
			isa = PBXGroup;
			children = (
				CD1A244B158080FC003FE80F /* core */,
				CD1A243B157FED97003FE80F /* graphics */,
				CD9FBDC9157FD35800638766 /* macosx */,
				CD7AE2FE157F3B0C009CD9D3 /* utility */,
				CD03F0E0157F16740087081C /* scripting */,
				CD03F0E2157F16740087081C /* system */,
				CD03F0E4157F16740087081C /* test */,
			);
			name = src;
			path = ../src;
			sourceTree = "<group>";
		};
		CD03F0E0157F16740087081C /* scripting */ = {
			isa = PBXGroup;
			children = (
				CD03F0E1157F16740087081C /* scripting.c */,
			);
			path = scripting;
			sourceTree = "<group>";
		};
		CD03F0E2157F16740087081C /* system */ = {
			isa = PBXGroup;
			children = (
				CD03F0E3157F16740087081C /* system.c */,
			);
			path = system;
			sourceTree = "<group>";
		};
		CD03F0E4157F16740087081C /* test */ = {
			isa = PBXGroup;
			children = (
				CD03F0E5157F16740087081C /* test.cpp */,
			);
			path = test;
			sourceTree = "<group>";
		};
		CD03F0EF157F167B0087081C /* test */ = {
			isa = PBXGroup;
			children = (
				CD1A2447158080B8003FE80F /* test_core.cpp */,
				CD03F0F0157F167B0087081C /* main.c */,
				CD03F0F1157F167B0087081C /* test_scripting.cpp */,
				CD03F0F2157F167B0087081C /* test_system.cpp */,
				CD03F0F3157F167B0087081C /* test_test.cpp */,
			);
			name = test;
			path = ../test;
			sourceTree = "<group>";
		};
		CD1A243B157FED97003FE80F /* graphics */ = {
			isa = PBXGroup;
			children = (
				CD1A243C157FEDA5003FE80F /* graphics_opengl.c */,
				CD1A243F157FF8D7003FE80F /* graphics_opengl.h */,
				CD1A2441157FFD53003FE80F /* graphics_opengl_macosx.m */,
			);
			path = graphics;
			sourceTree = "<group>";
		};
		CD1A244B158080FC003FE80F /* core */ = {
			isa = PBXGroup;
			children = (
				CD1A244C15808108003FE80F /* core.c */,
			);
			name = core;
			sourceTree = "<group>";
		};
		CD7AE2FE157F3B0C009CD9D3 /* utility */ = {
			isa = PBXGroup;
			children = (
				CD7AE2FF157F3B16009CD9D3 /* timer.c */,
			);
			path = utility;
			sourceTree = "<group>";
		};
		CD9FBDAC157FD34900638766 /* Frameworks */ = {
			isa = PBXGroup;
			children = (
				CD1A244515800C7F003FE80F /* OpenGL.framework */,
				CD1A244315800C7A003FE80F /* CoreVideo.framework */,
				CD03F0F8157F16E30087081C /* liblua.a */,
				CD9FBDAD157FD34900638766 /* Cocoa.framework */,
				CD9FBDAF157FD34900638766 /* Other Frameworks */,
			);
			name = Frameworks;
			sourceTree = "<group>";
		};
		CD9FBDAF157FD34900638766 /* Other Frameworks */ = {
			isa = PBXGroup;
			children = (
				CD9FBDB0157FD34900638766 /* AppKit.framework */,
				CD9FBDB1157FD34900638766 /* CoreData.framework */,
				CD9FBDB2157FD34900638766 /* Foundation.framework */,
			);
			name = "Other Frameworks";
			sourceTree = "<group>";
		};
		CD9FBDC9157FD35800638766 /* macosx */ = {
			isa = PBXGroup;
			children = (
				CD9FBDCA157FD35800638766 /* AppDelegate.h */,
				CD9FBDCB157FD35800638766 /* AppDelegate.m */,
				CD9FBDCC157FD35800638766 /* Credits.rtf */,
				CD9FBDCE157FD35800638766 /* InfoPlist.strings */,
				CD9FBDD0157FD35800638766 /* MainMenu.xib */,
				CD9FBDD2157FD35800638766 /* lae_osx-Info.plist */,
				CD9FBDD3157FD35800638766 /* main.m */,
				CD1A2435157FEA35003FE80F /* lae_cocoa_view.h */,
				CD1A2436157FEA35003FE80F /* lae_cocoa_view.m */,
			);
			path = macosx;
			sourceTree = "<group>";
		};
		CDE73E36157EA786000BE9C5 = {
			isa = PBXGroup;
			children = (
				CD03F0EF157F167B0087081C /* test */,
				CD03F0D8157F16740087081C /* include */,
				CD03F0DF157F16740087081C /* src */,
				CD9FBDAC157FD34900638766 /* Frameworks */,
				CDE73E42157EA786000BE9C5 /* Products */,
			);
			sourceTree = "<group>";
		};
		CDE73E42157EA786000BE9C5 /* Products */ = {
			isa = PBXGroup;
			children = (
				CDE73E57157EA81D000BE9C5 /* liblae.a */,
				CDE73E5F157EA82C000BE9C5 /* lae_test */,
				CD9FBDAA157FD34900638766 /* lae_osx.app */,
			);
			name = Products;
			sourceTree = "<group>";
		};
/* End PBXGroup section */

/* Begin PBXHeadersBuildPhase section */
		CDE73E55157EA81D000BE9C5 /* Headers */ = {
			isa = PBXHeadersBuildPhase;
			buildActionMask = 2147483647;
			files = (
				CD03F0E6157F16740087081C /* lae_assert.h in Headers */,
				CD03F0E7157F16740087081C /* lae_config.h in Headers */,
				CD03F0E8157F16740087081C /* lae_defines.h in Headers */,
				CD03F0E9157F16740087081C /* lae_scripting.h in Headers */,
				CD03F0EA157F16740087081C /* lae_system.h in Headers */,
				CD03F0EB157F16740087081C /* lae_test.h in Headers */,
				CD7AE2FC157F3AB7009CD9D3 /* lae_timer.h in Headers */,
				CD1A243A157FECE4003FE80F /* lae_graphics.h in Headers */,
				CD1A2440157FF8D7003FE80F /* graphics_opengl.h in Headers */,
				CD1A244A158080CA003FE80F /* lae_core.h in Headers */,
			);
			runOnlyForDeploymentPostprocessing = 0;
		};
/* End PBXHeadersBuildPhase section */

/* Begin PBXNativeTarget section */
		CD9FBDA9157FD34800638766 /* lae_osx */ = {
			isa = PBXNativeTarget;
			buildConfigurationList = CD9FBDC7157FD34900638766 /* Build configuration list for PBXNativeTarget "lae_osx" */;
			buildPhases = (
				CD9FBDA6157FD34800638766 /* Sources */,
				CD9FBDA7157FD34800638766 /* Frameworks */,
				CD9FBDA8157FD34800638766 /* Resources */,
			);
			buildRules = (
			);
			dependencies = (
			);
			name = lae_osx;
			productName = lae_osx;
			productReference = CD9FBDAA157FD34900638766 /* lae_osx.app */;
			productType = "com.apple.product-type.application";
		};
		CDE73E56157EA81D000BE9C5 /* lae */ = {
			isa = PBXNativeTarget;
			buildConfigurationList = CDE73E58157EA81D000BE9C5 /* Build configuration list for PBXNativeTarget "lae" */;
			buildPhases = (
				CDE73E53157EA81D000BE9C5 /* Sources */,
				CDE73E54157EA81D000BE9C5 /* Frameworks */,
				CDE73E55157EA81D000BE9C5 /* Headers */,
			);
			buildRules = (
			);
			dependencies = (
			);
			name = lae;
			productName = lae;
			productReference = CDE73E57157EA81D000BE9C5 /* liblae.a */;
			productType = "com.apple.product-type.library.static";
		};
		CDE73E5E157EA82C000BE9C5 /* lae_test */ = {
			isa = PBXNativeTarget;
			buildConfigurationList = CDE73E66157EA82C000BE9C5 /* Build configuration list for PBXNativeTarget "lae_test" */;
			buildPhases = (
				CDE73E5B157EA82C000BE9C5 /* Sources */,
				CDE73E5C157EA82C000BE9C5 /* Frameworks */,
				CDE73E5D157EA82C000BE9C5 /* CopyFiles */,
				CD2CFD09157EABB200F77FBF /* ShellScript */,
			);
			buildRules = (
			);
			dependencies = (
			);
			name = lae_test;
			productName = lae_test;
			productReference = CDE73E5F157EA82C000BE9C5 /* lae_test */;
			productType = "com.apple.product-type.tool";
		};
/* End PBXNativeTarget section */

/* Begin PBXProject section */
		CDE73E38157EA786000BE9C5 /* Project object */ = {
			isa = PBXProject;
			attributes = {
				LastUpgradeCheck = 0430;
			};
			buildConfigurationList = CDE73E3B157EA786000BE9C5 /* Build configuration list for PBXProject "lae" */;
			compatibilityVersion = "Xcode 3.2";
			developmentRegion = English;
			hasScannedForEncodings = 0;
			knownRegions = (
				en,
			);
			mainGroup = CDE73E36157EA786000BE9C5;
			productRefGroup = CDE73E42157EA786000BE9C5 /* Products */;
			projectDirPath = "";
			projectRoot = "";
			targets = (
				CDE73E56157EA81D000BE9C5 /* lae */,
				CDE73E5E157EA82C000BE9C5 /* lae_test */,
				CD9FBDA9157FD34800638766 /* lae_osx */,
			);
		};
/* End PBXProject section */

/* Begin PBXResourcesBuildPhase section */
		CD9FBDA8157FD34800638766 /* Resources */ = {
			isa = PBXResourcesBuildPhase;
			buildActionMask = 2147483647;
			files = (
				CD9FBDD5157FD35800638766 /* Credits.rtf in Resources */,
				CD9FBDD6157FD35800638766 /* InfoPlist.strings in Resources */,
				CD9FBDD7157FD35800638766 /* MainMenu.xib in Resources */,
			);
			runOnlyForDeploymentPostprocessing = 0;
		};
/* End PBXResourcesBuildPhase section */

/* Begin PBXShellScriptBuildPhase section */
		CD2CFD09157EABB200F77FBF /* ShellScript */ = {
			isa = PBXShellScriptBuildPhase;
			buildActionMask = 2147483647;
			files = (
			);
			inputPaths = (
			);
			outputPaths = (
			);
			runOnlyForDeploymentPostprocessing = 0;
			shellPath = /bin/sh;
			shellScript = "$TARGET_BUILD_DIR/$TARGET_NAME -t\n";
		};
/* End PBXShellScriptBuildPhase section */

/* Begin PBXSourcesBuildPhase section */
		CD9FBDA6157FD34800638766 /* Sources */ = {
			isa = PBXSourcesBuildPhase;
			buildActionMask = 2147483647;
			files = (
				CD9FBDD4157FD35800638766 /* AppDelegate.m in Sources */,
				CD9FBDD9157FD35800638766 /* main.m in Sources */,
				CD1A2437157FEA35003FE80F /* lae_cocoa_view.m in Sources */,
			);
			runOnlyForDeploymentPostprocessing = 0;
		};
		CDE73E53157EA81D000BE9C5 /* Sources */ = {
			isa = PBXSourcesBuildPhase;
			buildActionMask = 2147483647;
			files = (
				CD03F0EC157F16740087081C /* scripting.c in Sources */,
				CD03F0ED157F16740087081C /* system.c in Sources */,
				CD03F0EE157F16740087081C /* test.cpp in Sources */,
				CD7AE300157F3B16009CD9D3 /* timer.c in Sources */,
				CD1A243D157FEDA5003FE80F /* graphics_opengl.c in Sources */,
				CD1A2442157FFD53003FE80F /* graphics_opengl_macosx.m in Sources */,
				CD1A244D15808108003FE80F /* core.c in Sources */,
			);
			runOnlyForDeploymentPostprocessing = 0;
		};
		CDE73E5B157EA82C000BE9C5 /* Sources */ = {
			isa = PBXSourcesBuildPhase;
			buildActionMask = 2147483647;
			files = (
				CD03F0F4157F167B0087081C /* main.c in Sources */,
				CD03F0F5157F167B0087081C /* test_scripting.cpp in Sources */,
				CD03F0F6157F167B0087081C /* test_system.cpp in Sources */,
				CD03F0F7157F167B0087081C /* test_test.cpp in Sources */,
				CD1A2448158080B8003FE80F /* test_core.cpp in Sources */,
			);
			runOnlyForDeploymentPostprocessing = 0;
		};
/* End PBXSourcesBuildPhase section */

/* Begin PBXVariantGroup section */
		CD9FBDCC157FD35800638766 /* Credits.rtf */ = {
			isa = PBXVariantGroup;
			children = (
				CD9FBDCD157FD35800638766 /* en */,
			);
			name = Credits.rtf;
			sourceTree = "<group>";
		};
		CD9FBDCE157FD35800638766 /* InfoPlist.strings */ = {
			isa = PBXVariantGroup;
			children = (
				CD9FBDCF157FD35800638766 /* en */,
			);
			name = InfoPlist.strings;
			sourceTree = "<group>";
		};
		CD9FBDD0157FD35800638766 /* MainMenu.xib */ = {
			isa = PBXVariantGroup;
			children = (
				CD9FBDD1157FD35800638766 /* en */,
			);
			name = MainMenu.xib;
			sourceTree = "<group>";
		};
/* End PBXVariantGroup section */

/* Begin XCBuildConfiguration section */
		CD9FBDC5157FD34900638766 /* Debug */ = {
			isa = XCBuildConfiguration;
			buildSettings = {
				GCC_C_LANGUAGE_STANDARD = c89;
				GCC_PRECOMPILE_PREFIX_HEADER = NO;
				GCC_PREFIX_HEADER = "";
				INFOPLIST_FILE = "../src/macosx/lae_osx-Info.plist";
				PRODUCT_NAME = "$(TARGET_NAME)";
				WRAPPER_EXTENSION = app;
			};
			name = Debug;
		};
		CD9FBDC6157FD34900638766 /* Release */ = {
			isa = XCBuildConfiguration;
			buildSettings = {
				GCC_C_LANGUAGE_STANDARD = c89;
				GCC_PRECOMPILE_PREFIX_HEADER = NO;
				GCC_PREFIX_HEADER = "";
				INFOPLIST_FILE = "../src/macosx/lae_osx-Info.plist";
				PRODUCT_NAME = "$(TARGET_NAME)";
				WRAPPER_EXTENSION = app;
			};
			name = Release;
		};
		CDE73E49157EA786000BE9C5 /* Debug */ = {
			isa = XCBuildConfiguration;
			buildSettings = {
				ALWAYS_SEARCH_USER_PATHS = NO;
				ARCHS = "$(ARCHS_STANDARD_64_BIT)";
				CLANG_CXX_LANGUAGE_STANDARD = "c++98";
				CLANG_WARN_IMPLICIT_SIGN_CONVERSION = YES;
				CLANG_WARN_SUSPICIOUS_IMPLICIT_CONVERSION = YES;
				CLANG_WARN__EXIT_TIME_DESTRUCTORS = YES;
				CONFIGURATION_BUILD_DIR = "$(BUILD_DIR)";
				CONFIGURATION_TEMP_DIR = ../obj;
				COPY_PHASE_STRIP = NO;
				GCC_C_LANGUAGE_STANDARD = c89;
				GCC_DYNAMIC_NO_PIC = NO;
				GCC_ENABLE_CPP_EXCEPTIONS = NO;
				GCC_ENABLE_CPP_RTTI = NO;
				GCC_ENABLE_OBJC_EXCEPTIONS = YES;
				GCC_OPTIMIZATION_LEVEL = 0;
				GCC_PREPROCESSOR_DEFINITIONS = (
					"DEBUG=1",
					"$(inherited)",
				);
				GCC_SYMBOLS_PRIVATE_EXTERN = NO;
				GCC_TREAT_INCOMPATIBLE_POINTER_TYPE_WARNINGS_AS_ERRORS = YES;
				GCC_TREAT_WARNINGS_AS_ERRORS = YES;
				GCC_VERSION = com.apple.compilers.llvm.clang.1_0;
				GCC_WARN_64_TO_32_BIT_CONVERSION = YES;
				GCC_WARN_ABOUT_MISSING_FIELD_INITIALIZERS = YES;
				GCC_WARN_ABOUT_MISSING_NEWLINE = YES;
				GCC_WARN_ABOUT_MISSING_PROTOTYPES = YES;
				GCC_WARN_ABOUT_RETURN_TYPE = YES;
				GCC_WARN_HIDDEN_VIRTUAL_FUNCTIONS = YES;
				GCC_WARN_NON_VIRTUAL_DESTRUCTOR = YES;
				GCC_WARN_PEDANTIC = YES;
				GCC_WARN_SHADOW = YES;
				GCC_WARN_SIGN_COMPARE = YES;
				GCC_WARN_UNINITIALIZED_AUTOS = YES;
				GCC_WARN_UNUSED_VARIABLE = YES;
				MACOSX_DEPLOYMENT_TARGET = 10.7;
				OBJROOT = ../obj;
				ONLY_ACTIVE_ARCH = YES;
				RUN_CLANG_STATIC_ANALYZER = YES;
				SDKROOT = macosx;
				SYMROOT = ../bin;
			};
			name = Debug;
		};
		CDE73E4A157EA786000BE9C5 /* Release */ = {
			isa = XCBuildConfiguration;
			buildSettings = {
				ALWAYS_SEARCH_USER_PATHS = NO;
				ARCHS = "$(ARCHS_STANDARD_64_BIT)";
				CLANG_CXX_LANGUAGE_STANDARD = "c++98";
				CLANG_WARN_IMPLICIT_SIGN_CONVERSION = YES;
				CLANG_WARN_SUSPICIOUS_IMPLICIT_CONVERSION = YES;
				CLANG_WARN__EXIT_TIME_DESTRUCTORS = YES;
				CONFIGURATION_BUILD_DIR = "$(BUILD_DIR)";
				CONFIGURATION_TEMP_DIR = ../obj;
				COPY_PHASE_STRIP = YES;
				DEBUG_INFORMATION_FORMAT = "dwarf-with-dsym";
				GCC_C_LANGUAGE_STANDARD = c89;
				GCC_ENABLE_CPP_EXCEPTIONS = NO;
				GCC_ENABLE_CPP_RTTI = NO;
				GCC_ENABLE_OBJC_EXCEPTIONS = YES;
				GCC_TREAT_INCOMPATIBLE_POINTER_TYPE_WARNINGS_AS_ERRORS = YES;
				GCC_TREAT_WARNINGS_AS_ERRORS = YES;
				GCC_VERSION = com.apple.compilers.llvm.clang.1_0;
				GCC_WARN_64_TO_32_BIT_CONVERSION = YES;
				GCC_WARN_ABOUT_MISSING_FIELD_INITIALIZERS = YES;
				GCC_WARN_ABOUT_MISSING_NEWLINE = YES;
				GCC_WARN_ABOUT_MISSING_PROTOTYPES = YES;
				GCC_WARN_ABOUT_RETURN_TYPE = YES;
				GCC_WARN_HIDDEN_VIRTUAL_FUNCTIONS = YES;
				GCC_WARN_NON_VIRTUAL_DESTRUCTOR = YES;
				GCC_WARN_PEDANTIC = YES;
				GCC_WARN_SHADOW = YES;
				GCC_WARN_SIGN_COMPARE = YES;
				GCC_WARN_UNINITIALIZED_AUTOS = YES;
				GCC_WARN_UNUSED_VARIABLE = YES;
				MACOSX_DEPLOYMENT_TARGET = 10.7;
				OBJROOT = ../obj;
				RUN_CLANG_STATIC_ANALYZER = YES;
				SDKROOT = macosx;
				SYMROOT = ../bin;
			};
			name = Release;
		};
		CDE73E59157EA81D000BE9C5 /* Debug */ = {
			isa = XCBuildConfiguration;
			buildSettings = {
				EXECUTABLE_PREFIX = lib;
				HEADER_SEARCH_PATHS = "../external/lua-5.2.0/src";
				LIBRARY_SEARCH_PATHS = (
					"$(inherited)",
					"\"$(SRCROOT)/../external/lua-5.2.0/src\"",
				);
				PRODUCT_NAME = "$(TARGET_NAME)";
			};
			name = Debug;
		};
		CDE73E5A157EA81D000BE9C5 /* Release */ = {
			isa = XCBuildConfiguration;
			buildSettings = {
				EXECUTABLE_PREFIX = lib;
				HEADER_SEARCH_PATHS = "../external/lua-5.2.0/src";
				LIBRARY_SEARCH_PATHS = (
					"$(inherited)",
					"\"$(SRCROOT)/../external/lua-5.2.0/src\"",
				);
				PRODUCT_NAME = "$(TARGET_NAME)";
			};
			name = Release;
		};
		CDE73E67157EA82C000BE9C5 /* Debug */ = {
			isa = XCBuildConfiguration;
			buildSettings = {
				PRODUCT_NAME = "$(TARGET_NAME)";
			};
			name = Debug;
		};
		CDE73E68157EA82C000BE9C5 /* Release */ = {
			isa = XCBuildConfiguration;
			buildSettings = {
				PRODUCT_NAME = "$(TARGET_NAME)";
			};
			name = Release;
		};
/* End XCBuildConfiguration section */

/* Begin XCConfigurationList section */
		CD9FBDC7157FD34900638766 /* Build configuration list for PBXNativeTarget "lae_osx" */ = {
			isa = XCConfigurationList;
			buildConfigurations = (
				CD9FBDC5157FD34900638766 /* Debug */,
				CD9FBDC6157FD34900638766 /* Release */,
			);
			defaultConfigurationIsVisible = 0;
			defaultConfigurationName = Release;
		};
		CDE73E3B157EA786000BE9C5 /* Build configuration list for PBXProject "lae" */ = {
			isa = XCConfigurationList;
			buildConfigurations = (
				CDE73E49157EA786000BE9C5 /* Debug */,
				CDE73E4A157EA786000BE9C5 /* Release */,
			);
			defaultConfigurationIsVisible = 0;
			defaultConfigurationName = Release;
		};
		CDE73E58157EA81D000BE9C5 /* Build configuration list for PBXNativeTarget "lae" */ = {
			isa = XCConfigurationList;
			buildConfigurations = (
				CDE73E59157EA81D000BE9C5 /* Debug */,
				CDE73E5A157EA81D000BE9C5 /* Release */,
			);
			defaultConfigurationIsVisible = 0;
			defaultConfigurationName = Release;
		};
		CDE73E66157EA82C000BE9C5 /* Build configuration list for PBXNativeTarget "lae_test" */ = {
			isa = XCConfigurationList;
			buildConfigurations = (
				CDE73E67157EA82C000BE9C5 /* Debug */,
				CDE73E68157EA82C000BE9C5 /* Release */,
			);
			defaultConfigurationIsVisible = 0;
			defaultConfigurationName = Release;
		};
/* End XCConfigurationList section */
	};
	rootObject = CDE73E38157EA786000BE9C5 /* Project object */;
}
